Microsoft Visual Studio Solution File, Format Version 12.00
# Visual Studio Version 17
VisualStudioVersion = 17.13.35931.197
MinimumVisualStudioVersion = 10.0.40219.1
Project("{FAE04EC0-301F-11D3-BF4B-00C04F79EFBC}") = "EHostels.AppHost", "src\AppHost\EHostels.AppHost\EHostels.AppHost.csproj", "{BD06C396-6B1C-4CE0-A3F3-D47499A96A6E}"
EndProject
Project("{FAE04EC0-301F-11D3-BF4B-00C04F79EFBC}") = "EHostels.ServiceDefaults", "src\AppHost\EHostels.ServiceDefaults\EHostels.ServiceDefaults.csproj", "{09BB8AD9-E959-C7C3-F9F0-F63201FCF391}"
EndProject
Project("{2150E333-8FDC-42A3-9474-1A3956D46DE8}") = "AppHost", "AppHost", "{02EA681E-C7D8-13C7-8484-4AC65E1B71E8}"
EndProject
Project("{2150E333-8FDC-42A3-9474-1A3956D46DE8}") = "Backend", "Backend", "{E477FF99-8814-4B06-9B12-A960832286E9}"
EndProject
Project("{FAE04EC0-301F-11D3-BF4B-00C04F79EFBC}") = "EHostels.API", "src\Backend\EHostels.API\EHostels.API.csproj", "{AA798B71-E761-4B4A-9C50-FF2B844525AC}"
EndProject
Project("{FAE04EC0-301F-11D3-BF4B-00C04F79EFBC}") = "EHostels.Application", "src\Backend\EHostels.Application\EHostels.Application.csproj", "{E09B190A-07BE-4906-A856-E8012D606BC3}"
EndProject
Project("{FAE04EC0-301F-11D3-BF4B-00C04F79EFBC}") = "EHostels.Data", "src\Backend\EHostels.Data\EHostels.Data.csproj", "{A29ACC1A-DAF6-4ECF-B558-749C941BE5A5}"
EndProject
Project("{FAE04EC0-301F-11D3-BF4B-00C04F79EFBC}") = "EHostels.Common", "src\Backend\EHostels.Common\EHostels.Common.csproj", "{21937F95-7B92-4EEB-B37F-62718DD06450}"
EndProject
Project("{2150E333-8FDC-42A3-9474-1A3956D46DE8}") = "Frontend", "Frontend", "{51B8ABDE-274F-48DB-93F8-ACE448694884}"
EndProject
Project("{FAE04EC0-301F-11D3-BF4B-00C04F79EFBC}") = "EHostels.BFF", "src\Frontend\EHostels.BFF\EHostels.BFF.csproj", "{ACFE0008-D622-43C2-9B21-535DA7B5C91A}"
EndProject
Project("{54A90642-561A-4BB1-A94E-469ADEE60C69}") = "EHostels.UI", "src\Frontend\EHostels.UI\EHostels.UI.esproj", "{56B5DA46-5756-4A50-1E7C-3AC147331295}"
EndProject
Global
	GlobalSection(SolutionConfigurationPlatforms) = preSolution
		Debug|Any CPU = Debug|Any CPU
		Release|Any CPU = Release|Any CPU
	EndGlobalSection
	GlobalSection(ProjectConfigurationPlatforms) = postSolution
		{BD06C396-6B1C-4CE0-A3F3-D47499A96A6E}.Debug|Any CPU.ActiveCfg = Debug|Any CPU
		{BD06C396-6B1C-4CE0-A3F3-D47499A96A6E}.Debug|Any CPU.Build.0 = Debug|Any CPU
		{BD06C396-6B1C-4CE0-A3F3-D47499A96A6E}.Release|Any CPU.ActiveCfg = Release|Any CPU
		{BD06C396-6B1C-4CE0-A3F3-D47499A96A6E}.Release|Any CPU.Build.0 = Release|Any CPU
		{09BB8AD9-E959-C7C3-F9F0-F63201FCF391}.Debug|Any CPU.ActiveCfg = Debug|Any CPU
		{09BB8AD9-E959-C7C3-F9F0-F63201FCF391}.Debug|Any CPU.Build.0 = Debug|Any CPU
		{09BB8AD9-E959-C7C3-F9F0-F63201FCF391}.Release|Any CPU.ActiveCfg = Release|Any CPU
		{09BB8AD9-E959-C7C3-F9F0-F63201FCF391}.Release|Any CPU.Build.0 = Release|Any CPU
		{AA798B71-E761-4B4A-9C50-FF2B844525AC}.Debug|Any CPU.ActiveCfg = Debug|Any CPU
		{AA798B71-E761-4B4A-9C50-FF2B844525AC}.Debug|Any CPU.Build.0 = Debug|Any CPU
		{AA798B71-E761-4B4A-9C50-FF2B844525AC}.Release|Any CPU.ActiveCfg = Release|Any CPU
		{AA798B71-E761-4B4A-9C50-FF2B844525AC}.Release|Any CPU.Build.0 = Release|Any CPU
		{E09B190A-07BE-4906-A856-E8012D606BC3}.Debug|Any CPU.ActiveCfg = Debug|Any CPU
		{E09B190A-07BE-4906-A856-E8012D606BC3}.Debug|Any CPU.Build.0 = Debug|Any CPU
		{E09B190A-07BE-4906-A856-E8012D606BC3}.Release|Any CPU.ActiveCfg = Release|Any CPU
		{E09B190A-07BE-4906-A856-E8012D606BC3}.Release|Any CPU.Build.0 = Release|Any CPU
		{A29ACC1A-DAF6-4ECF-B558-749C941BE5A5}.Debug|Any CPU.ActiveCfg = Debug|Any CPU
		{A29ACC1A-DAF6-4ECF-B558-749C941BE5A5}.Debug|Any CPU.Build.0 = Debug|Any CPU
		{A29ACC1A-DAF6-4ECF-B558-749C941BE5A5}.Release|Any CPU.ActiveCfg = Release|Any CPU
		{A29ACC1A-DAF6-4ECF-B558-749C941BE5A5}.Release|Any CPU.Build.0 = Release|Any CPU
		{21937F95-7B92-4EEB-B37F-62718DD06450}.Debug|Any CPU.ActiveCfg = Debug|Any CPU
		{21937F95-7B92-4EEB-B37F-62718DD06450}.Debug|Any CPU.Build.0 = Debug|Any CPU
		{21937F95-7B92-4EEB-B37F-62718DD06450}.Release|Any CPU.ActiveCfg = Release|Any CPU
		{21937F95-7B92-4EEB-B37F-62718DD06450}.Release|Any CPU.Build.0 = Release|Any CPU
		{ACFE0008-D622-43C2-9B21-535DA7B5C91A}.Debug|Any CPU.ActiveCfg = Debug|Any CPU
		{ACFE0008-D622-43C2-9B21-535DA7B5C91A}.Debug|Any CPU.Build.0 = Debug|Any CPU
		{ACFE0008-D622-43C2-9B21-535DA7B5C91A}.Release|Any CPU.ActiveCfg = Release|Any CPU
		{ACFE0008-D622-43C2-9B21-535DA7B5C91A}.Release|Any CPU.Build.0 = Release|Any CPU
		{56B5DA46-5756-4A50-1E7C-3AC147331295}.Debug|Any CPU.ActiveCfg = Debug|Any CPU
		{56B5DA46-5756-4A50-1E7C-3AC147331295}.Debug|Any CPU.Build.0 = Debug|Any CPU
		{56B5DA46-5756-4A50-1E7C-3AC147331295}.Debug|Any CPU.Deploy.0 = Debug|Any CPU
		{56B5DA46-5756-4A50-1E7C-3AC147331295}.Release|Any CPU.ActiveCfg = Release|Any CPU
		{56B5DA46-5756-4A50-1E7C-3AC147331295}.Release|Any CPU.Build.0 = Release|Any CPU
		{56B5DA46-5756-4A50-1E7C-3AC147331295}.Release|Any CPU.Deploy.0 = Release|Any CPU
	EndGlobalSection
	GlobalSection(SolutionProperties) = preSolution
		HideSolutionNode = FALSE
	EndGlobalSection
	GlobalSection(NestedProjects) = preSolution
		{BD06C396-6B1C-4CE0-A3F3-D47499A96A6E} = {02EA681E-C7D8-13C7-8484-4AC65E1B71E8}
		{09BB8AD9-E959-C7C3-F9F0-F63201FCF391} = {02EA681E-C7D8-13C7-8484-4AC65E1B71E8}
		{AA798B71-E761-4B4A-9C50-FF2B844525AC} = {E477FF99-8814-4B06-9B12-A960832286E9}
		{E09B190A-07BE-4906-A856-E8012D606BC3} = {E477FF99-8814-4B06-9B12-A960832286E9}
		{A29ACC1A-DAF6-4ECF-B558-749C941BE5A5} = {E477FF99-8814-4B06-9B12-A960832286E9}
		{21937F95-7B92-4EEB-B37F-62718DD06450} = {E477FF99-8814-4B06-9B12-A960832286E9}
		{ACFE0008-D622-43C2-9B21-535DA7B5C91A} = {51B8ABDE-274F-48DB-93F8-ACE448694884}
		{56B5DA46-5756-4A50-1E7C-3AC147331295} = {51B8ABDE-274F-48DB-93F8-ACE448694884}
	EndGlobalSection
	GlobalSection(ExtensibilityGlobals) = postSolution
		SolutionGuid = {6D3CCB2A-B7CD-4E48-A22A-CD2421865E71}
	EndGlobalSection
EndGlobal
